
Microsoft Visual Studio Solution File, Format Version 12.00
# Visual Studio 15
VisualStudioVersion = 15.0.27703.2000
MinimumVisualStudioVersion = 10.0.40219.1
Project("{9A19103F-16F7-4668-BE54-9A1E7A4F7556}") = "SharpGalileoTest", "SharpGalileoTest\SharpGalileoTest.csproj", "{68291C03-AA7D-4C78-B195-5DC6652C157F}"
EndProject
Project("{9A19103F-16F7-4668-BE54-9A1E7A4F7556}") = "SharpGalileo", "SharpGalileo\SharpGalileo.csproj", "{55261CCE-E0F8-4008-BB93-808893735753}"
EndProject
Global
	GlobalSection(SolutionConfigurationPlatforms) = preSolution
		Debug|Any CPU = Debug|Any CPU
		Release|Any CPU = Release|Any CPU
	EndGlobalSection
	GlobalSection(ProjectConfigurationPlatforms) = postSolution
		{68291C03-AA7D-4C78-B195-5DC6652C157F}.Debug|Any CPU.ActiveCfg = Debug|Any CPU
		{68291C03-AA7D-4C78-B195-5DC6652C157F}.Debug|Any CPU.Build.0 = Debug|Any CPU
		{68291C03-AA7D-4C78-B195-5DC6652C157F}.Release|Any CPU.ActiveCfg = Release|Any CPU
		{68291C03-AA7D-4C78-B195-5DC6652C157F}.Release|Any CPU.Build.0 = Release|Any CPU
		{55261CCE-E0F8-4008-BB93-808893735753}.Debug|Any CPU.ActiveCfg = Debug|Any CPU
		{55261CCE-E0F8-4008-BB93-808893735753}.Debug|Any CPU.Build.0 = Debug|Any CPU
		{55261CCE-E0F8-4008-BB93-808893735753}.Release|Any CPU.ActiveCfg = Release|Any CPU
		{55261CCE-E0F8-4008-BB93-808893735753}.Release|Any CPU.Build.0 = Release|Any CPU
	EndGlobalSection
	GlobalSection(SolutionProperties) = preSolution
		HideSolutionNode = FALSE
	EndGlobalSection
	GlobalSection(ExtensibilityGlobals) = postSolution
		SolutionGuid = {2873767E-C3B7-43FE-83C0-C2510EAC5EA7}
	EndGlobalSection
EndGlobal
