
Microsoft Visual Studio Solution File, Format Version 12.00
# Visual Studio Version 16
VisualStudioVersion = 16.0.28917.181
MinimumVisualStudioVersion = 10.0.40219.1
Project("{9A19103F-16F7-4668-BE54-9A1E7A4F7556}") = "SharpGalileo", "SharpGalileo\SharpGalileo.csproj", "{4842CC2D-DCFF-44FD-A531-FE4B7EBB9853}"
EndProject
Project("{FAE04EC0-301F-11D3-BF4B-00C04F79EFBC}") = "SharpGalileoTest", "SharpGalileoTest\SharpGalileoTest.csproj", "{46452E3B-5CAF-41E3-B76C-D0484E6DAF35}"
EndProject
Project("{FAE04EC0-301F-11D3-BF4B-00C04F79EFBC}") = "SharpGalileoTestApp", "SharpGalileoTestApp\SharpGalileoTestApp.csproj", "{1F8A595A-ED23-465D-83AE-6E831C57874C}"
EndProject
Global
	GlobalSection(SolutionConfigurationPlatforms) = preSolution
		Debug|Any CPU = Debug|Any CPU
		Debug|x64 = Debug|x64
		Debug|x86 = Debug|x86
		Release|Any CPU = Release|Any CPU
		Release|x64 = Release|x64
		Release|x86 = Release|x86
	EndGlobalSection
	GlobalSection(ProjectConfigurationPlatforms) = postSolution
		{4842CC2D-DCFF-44FD-A531-FE4B7EBB9853}.Debug|Any CPU.ActiveCfg = Debug|Any CPU
		{4842CC2D-DCFF-44FD-A531-FE4B7EBB9853}.Debug|Any CPU.Build.0 = Debug|Any CPU
		{4842CC2D-DCFF-44FD-A531-FE4B7EBB9853}.Debug|x64.ActiveCfg = Debug|x64
		{4842CC2D-DCFF-44FD-A531-FE4B7EBB9853}.Debug|x64.Build.0 = Debug|x64
		{4842CC2D-DCFF-44FD-A531-FE4B7EBB9853}.Debug|x86.ActiveCfg = Debug|Any CPU
		{4842CC2D-DCFF-44FD-A531-FE4B7EBB9853}.Debug|x86.Build.0 = Debug|Any CPU
		{4842CC2D-DCFF-44FD-A531-FE4B7EBB9853}.Release|Any CPU.ActiveCfg = Release|Any CPU
		{4842CC2D-DCFF-44FD-A531-FE4B7EBB9853}.Release|Any CPU.Build.0 = Release|Any CPU
		{4842CC2D-DCFF-44FD-A531-FE4B7EBB9853}.Release|x64.ActiveCfg = Release|x64
		{4842CC2D-DCFF-44FD-A531-FE4B7EBB9853}.Release|x64.Build.0 = Release|x64
		{4842CC2D-DCFF-44FD-A531-FE4B7EBB9853}.Release|x86.ActiveCfg = Release|Any CPU
		{4842CC2D-DCFF-44FD-A531-FE4B7EBB9853}.Release|x86.Build.0 = Release|Any CPU
		{46452E3B-5CAF-41E3-B76C-D0484E6DAF35}.Debug|Any CPU.ActiveCfg = Debug|x64
		{46452E3B-5CAF-41E3-B76C-D0484E6DAF35}.Debug|x64.ActiveCfg = Debug|x64
		{46452E3B-5CAF-41E3-B76C-D0484E6DAF35}.Debug|x64.Build.0 = Debug|x64
		{46452E3B-5CAF-41E3-B76C-D0484E6DAF35}.Debug|x86.ActiveCfg = Debug|x64
		{46452E3B-5CAF-41E3-B76C-D0484E6DAF35}.Release|Any CPU.ActiveCfg = Release|x64
		{46452E3B-5CAF-41E3-B76C-D0484E6DAF35}.Release|x64.ActiveCfg = Release|x64
		{46452E3B-5CAF-41E3-B76C-D0484E6DAF35}.Release|x64.Build.0 = Release|x64
		{46452E3B-5CAF-41E3-B76C-D0484E6DAF35}.Release|x86.ActiveCfg = Release|x64
		{1F8A595A-ED23-465D-83AE-6E831C57874C}.Debug|Any CPU.ActiveCfg = Debug|Any CPU
		{1F8A595A-ED23-465D-83AE-6E831C57874C}.Debug|Any CPU.Build.0 = Debug|Any CPU
		{1F8A595A-ED23-465D-83AE-6E831C57874C}.Debug|x64.ActiveCfg = Debug|Any CPU
		{1F8A595A-ED23-465D-83AE-6E831C57874C}.Debug|x64.Build.0 = Debug|Any CPU
		{1F8A595A-ED23-465D-83AE-6E831C57874C}.Debug|x86.ActiveCfg = Debug|Any CPU
		{1F8A595A-ED23-465D-83AE-6E831C57874C}.Debug|x86.Build.0 = Debug|Any CPU
		{1F8A595A-ED23-465D-83AE-6E831C57874C}.Release|Any CPU.ActiveCfg = Release|Any CPU
		{1F8A595A-ED23-465D-83AE-6E831C57874C}.Release|Any CPU.Build.0 = Release|Any CPU
		{1F8A595A-ED23-465D-83AE-6E831C57874C}.Release|x64.ActiveCfg = Release|Any CPU
		{1F8A595A-ED23-465D-83AE-6E831C57874C}.Release|x64.Build.0 = Release|Any CPU
		{1F8A595A-ED23-465D-83AE-6E831C57874C}.Release|x86.ActiveCfg = Release|Any CPU
		{1F8A595A-ED23-465D-83AE-6E831C57874C}.Release|x86.Build.0 = Release|Any CPU
	EndGlobalSection
	GlobalSection(SolutionProperties) = preSolution
		HideSolutionNode = FALSE
	EndGlobalSection
	GlobalSection(ExtensibilityGlobals) = postSolution
		SolutionGuid = {985E4CBE-E9C1-4848-830B-6BDF7FCB5B96}
	EndGlobalSection
EndGlobal
